// !$*UTF8*$!
{
	archiveVersion = 1;
	classes = {
	};
	objectVersion = 46;
	objects = {

/* Begin PBXBuildFile section */
		961651C2199F07BB0088DC97 /* noise.png in Resources */ = {isa = PBXBuildFile; fileRef = 961651C1199F07BB0088DC97 /* noise.png */; };
		9644BB6E199EF16200F1EE50 /* MainViewController.swift in Sources */ = {isa = PBXBuildFile; fileRef = 9644BB6C199EF16200F1EE50 /* MainViewController.swift */; };
		96A3B961199EEED200AEF7B3 /* main.swift in Sources */ = {isa = PBXBuildFile; fileRef = 96A3B960199EEED200AEF7B3 /* main.swift */; };
		96A3B963199EEED200AEF7B3 /* AppDelegate.swift in Sources */ = {isa = PBXBuildFile; fileRef = 96A3B962199EEED200AEF7B3 /* AppDelegate.swift */; };
		96A3B965199EEED300AEF7B3 /* Images.xcassets in Resources */ = {isa = PBXBuildFile; fileRef = 96A3B964199EEED300AEF7B3 /* Images.xcassets */; };
		96A3B968199EEED300AEF7B3 /* MainMenu.xib in Resources */ = {isa = PBXBuildFile; fileRef = 96A3B966199EEED300AEF7B3 /* MainMenu.xib */; };
/* End PBXBuildFile section */

/* Begin PBXFileReference section */
		961651C1199F07BB0088DC97 /* noise.png */ = {isa = PBXFileReference; lastKnownFileType = image.png; path = noise.png; sourceTree = "<group>"; };
		9644BB6C199EF16200F1EE50 /* MainViewController.swift */ = {isa = PBXFileReference; fileEncoding = 4; lastKnownFileType = sourcecode.swift; path = MainViewController.swift; sourceTree = "<group>"; };
		96A3B95B199EEED200AEF7B3 /* mtv.app */ = {isa = PBXFileReference; explicitFileType = wrapper.application; includeInIndex = 0; path = mtv.app; sourceTree = BUILT_PRODUCTS_DIR; };
		96A3B95F199EEED200AEF7B3 /* Info.plist */ = {isa = PBXFileReference; lastKnownFileType = text.plist.xml; path = Info.plist; sourceTree = "<group>"; };
		96A3B960199EEED200AEF7B3 /* main.swift */ = {isa = PBXFileReference; lastKnownFileType = sourcecode.swift; path = main.swift; sourceTree = "<group>"; };
		96A3B962199EEED200AEF7B3 /* AppDelegate.swift */ = {isa = PBXFileReference; lastKnownFileType = sourcecode.swift; path = AppDelegate.swift; sourceTree = "<group>"; };
		96A3B964199EEED300AEF7B3 /* Images.xcassets */ = {isa = PBXFileReference; lastKnownFileType = folder.assetcatalog; path = Images.xcassets; sourceTree = "<group>"; };
		96A3B967199EEED300AEF7B3 /* Base */ = {isa = PBXFileReference; lastKnownFileType = file.xib; name = Base; path = Base.lproj/MainMenu.xib; sourceTree = "<group>"; };
/* End PBXFileReference section */

/* Begin PBXFrameworksBuildPhase section */
		96A3B958199EEED200AEF7B3 /* Frameworks */ = {
			isa = PBXFrameworksBuildPhase;
			buildActionMask = 2147483647;
			files = (
			);
			runOnlyForDeploymentPostprocessing = 0;
		};
/* End PBXFrameworksBuildPhase section */

/* Begin PBXGroup section */
		961651C0199F07BB0088DC97 /* images */ = {
			isa = PBXGroup;
			children = (
				961651C1199F07BB0088DC97 /* noise.png */,
			);
			path = images;
			sourceTree = "<group>";
		};
		96A3B952199EEED200AEF7B3 = {
			isa = PBXGroup;
			children = (
				96A3B95D199EEED200AEF7B3 /* mtv */,
				96A3B95C199EEED200AEF7B3 /* Products */,
			);
			sourceTree = "<group>";
		};
		96A3B95C199EEED200AEF7B3 /* Products */ = {
			isa = PBXGroup;
			children = (
				96A3B95B199EEED200AEF7B3 /* mtv.app */,
			);
			name = Products;
			sourceTree = "<group>";
		};
		96A3B95D199EEED200AEF7B3 /* mtv */ = {
			isa = PBXGroup;
			children = (
				961651C0199F07BB0088DC97 /* images */,
				96A3B962199EEED200AEF7B3 /* AppDelegate.swift */,
				96A3B964199EEED300AEF7B3 /* Images.xcassets */,
				96A3B966199EEED300AEF7B3 /* MainMenu.xib */,
				9644BB6C199EF16200F1EE50 /* MainViewController.swift */,
				96A3B95E199EEED200AEF7B3 /* Supporting Files */,
			);
			path = mtv;
			sourceTree = "<group>";
		};
		96A3B95E199EEED200AEF7B3 /* Supporting Files */ = {
			isa = PBXGroup;
			children = (
				96A3B95F199EEED200AEF7B3 /* Info.plist */,
				96A3B960199EEED200AEF7B3 /* main.swift */,
			);
			name = "Supporting Files";
			sourceTree = "<group>";
		};
/* End PBXGroup section */

/* Begin PBXNativeTarget section */
		96A3B95A199EEED200AEF7B3 /* mtv */ = {
			isa = PBXNativeTarget;
			buildConfigurationList = 96A3B977199EEED300AEF7B3 /* Build configuration list for PBXNativeTarget "mtv" */;
			buildPhases = (
				96A3B957199EEED200AEF7B3 /* Sources */,
				96A3B958199EEED200AEF7B3 /* Frameworks */,
				96A3B959199EEED200AEF7B3 /* Resources */,
			);
			buildRules = (
			);
			dependencies = (
			);
			name = mtv;
			productName = VideoTemplate;
			productReference = 96A3B95B199EEED200AEF7B3 /* mtv.app */;
			productType = "com.apple.product-type.application";
		};
/* End PBXNativeTarget section */

/* Begin PBXProject section */
		96A3B953199EEED200AEF7B3 /* Project object */ = {
			isa = PBXProject;
			attributes = {
				LastUpgradeCheck = 0600;
				ORGANIZATIONNAME = bguo;
				TargetAttributes = {
					96A3B95A199EEED200AEF7B3 = {
						CreatedOnToolsVersion = 6.0;
					};
				};
			};
			buildConfigurationList = 96A3B956199EEED200AEF7B3 /* Build configuration list for PBXProject "mtv" */;
			compatibilityVersion = "Xcode 3.2";
			developmentRegion = English;
			hasScannedForEncodings = 0;
			knownRegions = (
				en,
				Base,
			);
			mainGroup = 96A3B952199EEED200AEF7B3;
			productRefGroup = 96A3B95C199EEED200AEF7B3 /* Products */;
			projectDirPath = "";
			projectRoot = "";
			targets = (
				96A3B95A199EEED200AEF7B3 /* mtv */,
			);
		};
/* End PBXProject section */

/* Begin PBXResourcesBuildPhase section */
		96A3B959199EEED200AEF7B3 /* Resources */ = {
			isa = PBXResourcesBuildPhase;
			buildActionMask = 2147483647;
			files = (
				961651C2199F07BB0088DC97 /* noise.png in Resources */,
				96A3B965199EEED300AEF7B3 /* Images.xcassets in Resources */,
				96A3B968199EEED300AEF7B3 /* MainMenu.xib in Resources */,
			);
			runOnlyForDeploymentPostprocessing = 0;
		};
/* End PBXResourcesBuildPhase section */

/* Begin PBXSourcesBuildPhase section */
		96A3B957199EEED200AEF7B3 /* Sources */ = {
			isa = PBXSourcesBuildPhase;
			buildActionMask = 2147483647;
			files = (
				9644BB6E199EF16200F1EE50 /* MainViewController.swift in Sources */,
				96A3B963199EEED200AEF7B3 /* AppDelegate.swift in Sources */,
				96A3B961199EEED200AEF7B3 /* main.swift in Sources */,
			);
			runOnlyForDeploymentPostprocessing = 0;
		};
/* End PBXSourcesBuildPhase section */

/* Begin PBXVariantGroup section */
		96A3B966199EEED300AEF7B3 /* MainMenu.xib */ = {
			isa = PBXVariantGroup;
			children = (
				96A3B967199EEED300AEF7B3 /* Base */,
			);
			name = MainMenu.xib;
			sourceTree = "<group>";
		};
/* End PBXVariantGroup section */

/* Begin XCBuildConfiguration section */
		96A3B975199EEED300AEF7B3 /* Debug */ = {
			isa = XCBuildConfiguration;
			buildSettings = {
				ALWAYS_SEARCH_USER_PATHS = NO;
				CLANG_CXX_LANGUAGE_STANDARD = "gnu++0x";
				CLANG_CXX_LIBRARY = "libc++";
				CLANG_ENABLE_MODULES = YES;
				CLANG_ENABLE_OBJC_ARC = YES;
				CLANG_WARN_BOOL_CONVERSION = YES;
				CLANG_WARN_CONSTANT_CONVERSION = YES;
				CLANG_WARN_DIRECT_OBJC_ISA_USAGE = YES_ERROR;
				CLANG_WARN_EMPTY_BODY = YES;
				CLANG_WARN_ENUM_CONVERSION = YES;
				CLANG_WARN_INT_CONVERSION = YES;
				CLANG_WARN_OBJC_ROOT_CLASS = YES_ERROR;
				CLANG_WARN_UNREACHABLE_CODE = YES;
				CLANG_WARN__DUPLICATE_METHOD_MATCH = YES;
				CODE_SIGN_IDENTITY = "-";
				COPY_PHASE_STRIP = NO;
				ENABLE_STRICT_OBJC_MSGSEND = YES;
				GCC_C_LANGUAGE_STANDARD = gnu99;
				GCC_DYNAMIC_NO_PIC = NO;
				GCC_OPTIMIZATION_LEVEL = 0;
				GCC_PREPROCESSOR_DEFINITIONS = (
					"DEBUG=1",
					"$(inherited)",
				);
				GCC_SYMBOLS_PRIVATE_EXTERN = NO;
				GCC_WARN_64_TO_32_BIT_CONVERSION = YES;
				GCC_WARN_ABOUT_RETURN_TYPE = YES_ERROR;
				GCC_WARN_UNDECLARED_SELECTOR = YES;
				GCC_WARN_UNINITIALIZED_AUTOS = YES_AGGRESSIVE;
				GCC_WARN_UNUSED_FUNCTION = YES;
				GCC_WARN_UNUSED_VARIABLE = YES;
				MACOSX_DEPLOYMENT_TARGET = 10.9;
				MTL_ENABLE_DEBUG_INFO = YES;
				ONLY_ACTIVE_ARCH = YES;
				SDKROOT = macosx;
				SWIFT_OPTIMIZATION_LEVEL = "-Onone";
			};
			name = Debug;
		};
		96A3B976199EEED300AEF7B3 /* Release */ = {
			isa = XCBuildConfiguration;
			buildSettings = {
				ALWAYS_SEARCH_USER_PATHS = NO;
				CLANG_CXX_LANGUAGE_STANDARD = "gnu++0x";
				CLANG_CXX_LIBRARY = "libc++";
				CLANG_ENABLE_MODULES = YES;
				CLANG_ENABLE_OBJC_ARC = YES;
				CLANG_WARN_BOOL_CONVERSION = YES;
				CLANG_WARN_CONSTANT_CONVERSION = YES;
				CLANG_WARN_DIRECT_OBJC_ISA_USAGE = YES_ERROR;
				CLANG_WARN_EMPTY_BODY = YES;
				CLANG_WARN_ENUM_CONVERSION = YES;
				CLANG_WARN_INT_CONVERSION = YES;
				CLANG_WARN_OBJC_ROOT_CLASS = YES_ERROR;
				CLANG_WARN_UNREACHABLE_CODE = YES;
				CLANG_WARN__DUPLICATE_METHOD_MATCH = YES;
				CODE_SIGN_IDENTITY = "-";
				COPY_PHASE_STRIP = YES;
				DEBUG_INFORMATION_FORMAT = "dwarf-with-dsym";
				ENABLE_NS_ASSERTIONS = NO;
				ENABLE_STRICT_OBJC_MSGSEND = YES;
				GCC_C_LANGUAGE_STANDARD = gnu99;
				GCC_WARN_64_TO_32_BIT_CONVERSION = YES;
				GCC_WARN_ABOUT_RETURN_TYPE = YES_ERROR;
				GCC_WARN_UNDECLARED_SELECTOR = YES;
				GCC_WARN_UNINITIALIZED_AUTOS = YES_AGGRESSIVE;
				GCC_WARN_UNUSED_FUNCTION = YES;
				GCC_WARN_UNUSED_VARIABLE = YES;
				MACOSX_DEPLOYMENT_TARGET = 10.9;
				MTL_ENABLE_DEBUG_INFO = NO;
				SDKROOT = macosx;
			};
			name = Release;
		};
		96A3B978199EEED300AEF7B3 /* Debug */ = {
			isa = XCBuildConfiguration;
			buildSettings = {
				ASSETCATALOG_COMPILER_APPICON_NAME = AppIcon;
				COMBINE_HIDPI_IMAGES = YES;
				INFOPLIST_FILE = mtv/Info.plist;
				LD_RUNPATH_SEARCH_PATHS = "$(inherited) @executable_path/../Frameworks";
				PRODUCT_NAME = mtv;
			};
			name = Debug;
		};
		96A3B979199EEED300AEF7B3 /* Release */ = {
			isa = XCBuildConfiguration;
			buildSettings = {
				ASSETCATALOG_COMPILER_APPICON_NAME = AppIcon;
				COMBINE_HIDPI_IMAGES = YES;
				INFOPLIST_FILE = mtv/Info.plist;
				LD_RUNPATH_SEARCH_PATHS = "$(inherited) @executable_path/../Frameworks";
				PRODUCT_NAME = mtv;
			};
			name = Release;
		};
/* End XCBuildConfiguration section */

/* Begin XCConfigurationList section */
		96A3B956199EEED200AEF7B3 /* Build configuration list for PBXProject "mtv" */ = {
			isa = XCConfigurationList;
			buildConfigurations = (
				96A3B975199EEED300AEF7B3 /* Debug */,
				96A3B976199EEED300AEF7B3 /* Release */,
			);
			defaultConfigurationIsVisible = 0;
			defaultConfigurationName = Release;
		};
		96A3B977199EEED300AEF7B3 /* Build configuration list for PBXNativeTarget "mtv" */ = {
			isa = XCConfigurationList;
			buildConfigurations = (
				96A3B978199EEED300AEF7B3 /* Debug */,
				96A3B979199EEED300AEF7B3 /* Release */,
			);
			defaultConfigurationIsVisible = 0;
			defaultConfigurationName = Release;
		};
/* End XCConfigurationList section */
	};
	rootObject = 96A3B953199EEED200AEF7B3 /* Project object */;
}
