// !$*UTF8*$!
{
	archiveVersion = 1;
	classes = {
	};
	objectVersion = 46;
	objects = {

/* Begin PBXBuildFile section */
		961651EC199F0EEB0088DC97 /* darkland-back.jpg in Resources */ = {isa = PBXBuildFile; fileRef = 961651D3199F0EEB0088DC97 /* darkland-back.jpg */; };
		961651ED199F0EEB0088DC97 /* darkland-bottom.jpg in Resources */ = {isa = PBXBuildFile; fileRef = 961651D4199F0EEB0088DC97 /* darkland-bottom.jpg */; };
		961651EE199F0EEB0088DC97 /* darkland-front.jpg in Resources */ = {isa = PBXBuildFile; fileRef = 961651D5199F0EEB0088DC97 /* darkland-front.jpg */; };
		961651EF199F0EEB0088DC97 /* darkland-left.jpg in Resources */ = {isa = PBXBuildFile; fileRef = 961651D6199F0EEB0088DC97 /* darkland-left.jpg */; };
		961651F0199F0EEB0088DC97 /* darkland-right.jpg in Resources */ = {isa = PBXBuildFile; fileRef = 961651D7199F0EEB0088DC97 /* darkland-right.jpg */; };
		961651F1199F0EEB0088DC97 /* darkland-top.jpg in Resources */ = {isa = PBXBuildFile; fileRef = 961651D8199F0EEB0088DC97 /* darkland-top.jpg */; };
		961651F2199F0EEB0088DC97 /* Envmap.txt in Resources */ = {isa = PBXBuildFile; fileRef = 961651D9199F0EEB0088DC97 /* Envmap.txt */; };
		961651F3199F0EEB0088DC97 /* earth-diffuse.jpg in Resources */ = {isa = PBXBuildFile; fileRef = 961651DB199F0EEB0088DC97 /* earth-diffuse.jpg */; };
		961651F4199F0EEB0088DC97 /* noise-diffuse.png in Resources */ = {isa = PBXBuildFile; fileRef = 961651DC199F0EEB0088DC97 /* noise-diffuse.png */; };
		961651F5199F0EEB0088DC97 /* scree-diffuse.jpg in Resources */ = {isa = PBXBuildFile; fileRef = 961651DD199F0EEB0088DC97 /* scree-diffuse.jpg */; };
		961651F6199F0EEB0088DC97 /* stone-diffuse.png in Resources */ = {isa = PBXBuildFile; fileRef = 961651DE199F0EEB0088DC97 /* stone-diffuse.png */; };
		961651F7199F0EEB0088DC97 /* wood-diffuse.jpg in Resources */ = {isa = PBXBuildFile; fileRef = 961651DF199F0EEB0088DC97 /* wood-diffuse.jpg */; };
		961651F8199F0EEB0088DC97 /* stripes-mask.png in Resources */ = {isa = PBXBuildFile; fileRef = 961651E1199F0EEB0088DC97 /* stripes-mask.png */; };
		961651F9199F0EEB0088DC97 /* chrome-normal.png in Resources */ = {isa = PBXBuildFile; fileRef = 961651E3199F0EEB0088DC97 /* chrome-normal.png */; };
		961651FA199F0EEB0088DC97 /* earth-normal.png in Resources */ = {isa = PBXBuildFile; fileRef = 961651E4199F0EEB0088DC97 /* earth-normal.png */; };
		961651FB199F0EEB0088DC97 /* noise-normal.png in Resources */ = {isa = PBXBuildFile; fileRef = 961651E5199F0EEB0088DC97 /* noise-normal.png */; };
		961651FC199F0EEB0088DC97 /* scree-normal.jpg in Resources */ = {isa = PBXBuildFile; fileRef = 961651E6199F0EEB0088DC97 /* scree-normal.jpg */; };
		961651FD199F0EEB0088DC97 /* stone-normal.png in Resources */ = {isa = PBXBuildFile; fileRef = 961651E7199F0EEB0088DC97 /* stone-normal.png */; };
		961651FE199F0EEB0088DC97 /* wood-normal.png in Resources */ = {isa = PBXBuildFile; fileRef = 961651E8199F0EEB0088DC97 /* wood-normal.png */; };
		961651FF199F0EEB0088DC97 /* earth-specular.jpg in Resources */ = {isa = PBXBuildFile; fileRef = 961651EA199F0EEB0088DC97 /* earth-specular.jpg */; };
		96165200199F0EEB0088DC97 /* wood-specular.jpg in Resources */ = {isa = PBXBuildFile; fileRef = 961651EB199F0EEB0088DC97 /* wood-specular.jpg */; };
		96165202199F13A30088DC97 /* floor-diffuse.jpg in Resources */ = {isa = PBXBuildFile; fileRef = 96165201199F13A30088DC97 /* floor-diffuse.jpg */; };
		9619A39A19A1B79B00442FA7 /* SCNGeometry.swift in Sources */ = {isa = PBXBuildFile; fileRef = 9619A39919A1B79B00442FA7 /* SCNGeometry.swift */; };
		963012B3199FD8E400D16B49 /* SCNBox.swift in Sources */ = {isa = PBXBuildFile; fileRef = 963012B2199FD8E400D16B49 /* SCNBox.swift */; };
		963012B5199FDAD300D16B49 /* SCNMaterial.swift in Sources */ = {isa = PBXBuildFile; fileRef = 963012B4199FDAD300D16B49 /* SCNMaterial.swift */; };
		963012B719A00F3900D16B49 /* MIDIPlayer.swift in Sources */ = {isa = PBXBuildFile; fileRef = 963012B619A00F3900D16B49 /* MIDIPlayer.swift */; };
		9644BB6E199EF16200F1EE50 /* MainViewController.swift in Sources */ = {isa = PBXBuildFile; fileRef = 9644BB6C199EF16200F1EE50 /* MainViewController.swift */; };
		965EC21819A12E1500269336 /* SongInMyHead_LH.mid in Resources */ = {isa = PBXBuildFile; fileRef = 965EC21619A12E1500269336 /* SongInMyHead_LH.mid */; };
		965EC21919A12E1500269336 /* SongInMyHead_RH.mid in Resources */ = {isa = PBXBuildFile; fileRef = 965EC21719A12E1500269336 /* SongInMyHead_RH.mid */; };
		965EC21B19A13C2100269336 /* MIDI.swift in Sources */ = {isa = PBXBuildFile; fileRef = 965EC21A19A13C2100269336 /* MIDI.swift */; };
		969AA26C19A24472000741A1 /* CascadeDrums.mid in Resources */ = {isa = PBXBuildFile; fileRef = 969AA26B19A24472000741A1 /* CascadeDrums.mid */; };
		969AA26E19A24C1F000741A1 /* NSView.swift in Sources */ = {isa = PBXBuildFile; fileRef = 969AA26D19A24C1F000741A1 /* NSView.swift */; };
		969AA27219A259D4000741A1 /* Cascade.wav in Resources */ = {isa = PBXBuildFile; fileRef = 969AA27019A259D4000741A1 /* Cascade.wav */; };
		969AA27319A259D4000741A1 /* Cascade.wav.asd in Resources */ = {isa = PBXBuildFile; fileRef = 969AA27119A259D4000741A1 /* Cascade.wav.asd */; };
		969AA27519A25E3C000741A1 /* NSColor.swift in Sources */ = {isa = PBXBuildFile; fileRef = 969AA27419A25E3C000741A1 /* NSColor.swift */; };
		96A3B961199EEED200AEF7B3 /* main.swift in Sources */ = {isa = PBXBuildFile; fileRef = 96A3B960199EEED200AEF7B3 /* main.swift */; };
		96A3B963199EEED200AEF7B3 /* AppDelegate.swift in Sources */ = {isa = PBXBuildFile; fileRef = 96A3B962199EEED200AEF7B3 /* AppDelegate.swift */; };
		96A3B965199EEED300AEF7B3 /* Images.xcassets in Resources */ = {isa = PBXBuildFile; fileRef = 96A3B964199EEED300AEF7B3 /* Images.xcassets */; };
		96A3B968199EEED300AEF7B3 /* MainMenu.xib in Resources */ = {isa = PBXBuildFile; fileRef = 96A3B966199EEED300AEF7B3 /* MainMenu.xib */; };
		96F08CE019A1278300C1409A /* MIDIPlayerCore.m in Sources */ = {isa = PBXBuildFile; fileRef = 96F08CDF19A1278300C1409A /* MIDIPlayerCore.m */; };
		96FFEE7C199FCFFE00E83AA7 /* __Water_Pool_1.jpg in Resources */ = {isa = PBXBuildFile; fileRef = 96FFEE5F199FCFFE00E83AA7 /* __Water_Pool_1.jpg */; };
		96FFEE7D199FCFFE00E83AA7 /* material_1.psd in Resources */ = {isa = PBXBuildFile; fileRef = 96FFEE60199FCFFE00E83AA7 /* material_1.psd */; };
		96FFEE7E199FCFFE00E83AA7 /* material_2.psd in Resources */ = {isa = PBXBuildFile; fileRef = 96FFEE61199FCFFE00E83AA7 /* material_2.psd */; };
		96FFEE7F199FCFFE00E83AA7 /* material_3.psd in Resources */ = {isa = PBXBuildFile; fileRef = 96FFEE62199FCFFE00E83AA7 /* material_3.psd */; };
		96FFEE80199FCFFE00E83AA7 /* material_4.psd in Resources */ = {isa = PBXBuildFile; fileRef = 96FFEE63199FCFFE00E83AA7 /* material_4.psd */; };
		96FFEE81199FCFFE00E83AA7 /* material_6.psd in Resources */ = {isa = PBXBuildFile; fileRef = 96FFEE64199FCFFE00E83AA7 /* material_6.psd */; };
		96FFEE82199FCFFE00E83AA7 /* material_7.psd in Resources */ = {isa = PBXBuildFile; fileRef = 96FFEE65199FCFFE00E83AA7 /* material_7.psd */; };
		96FFEE83199FCFFE00E83AA7 /* material_8.psd in Resources */ = {isa = PBXBuildFile; fileRef = 96FFEE66199FCFFE00E83AA7 /* material_8.psd */; };
		96FFEE84199FCFFE00E83AA7 /* material_8_0.psd in Resources */ = {isa = PBXBuildFile; fileRef = 96FFEE67199FCFFE00E83AA7 /* material_8_0.psd */; };
		96FFEE85199FCFFE00E83AA7 /* material_9.psd in Resources */ = {isa = PBXBuildFile; fileRef = 96FFEE68199FCFFE00E83AA7 /* material_9.psd */; };
		96FFEE86199FCFFE00E83AA7 /* Metal_Rusted.jpg in Resources */ = {isa = PBXBuildFile; fileRef = 96FFEE69199FCFFE00E83AA7 /* Metal_Rusted.jpg */; };
		96FFEE87199FCFFE00E83AA7 /* Vegetation_Bark_Ponderosa.jpg in Resources */ = {isa = PBXBuildFile; fileRef = 96FFEE6A199FCFFE00E83AA7 /* Vegetation_Bark_Ponderosa.jpg */; };
		96FFEE88199FCFFE00E83AA7 /* Water_Pool.jpg in Resources */ = {isa = PBXBuildFile; fileRef = 96FFEE6B199FCFFE00E83AA7 /* Water_Pool.jpg */; };
		96FFEE89199FCFFE00E83AA7 /* woman_head_1.jpg in Resources */ = {isa = PBXBuildFile; fileRef = 96FFEE6C199FCFFE00E83AA7 /* woman_head_1.jpg */; };
		96FFEE8A199FCFFE00E83AA7 /* animalgirl.dae in Resources */ = {isa = PBXBuildFile; fileRef = 96FFEE6D199FCFFE00E83AA7 /* animalgirl.dae */; };
		96FFEE8B199FCFFE00E83AA7 /* v1.jpg in Resources */ = {isa = PBXBuildFile; fileRef = 96FFEE6F199FCFFE00E83AA7 /* v1.jpg */; };
		96FFEE8C199FCFFE00E83AA7 /* v2.jpg in Resources */ = {isa = PBXBuildFile; fileRef = 96FFEE70199FCFFE00E83AA7 /* v2.jpg */; };
		96FFEE8D199FCFFE00E83AA7 /* v3.jpg in Resources */ = {isa = PBXBuildFile; fileRef = 96FFEE71199FCFFE00E83AA7 /* v3.jpg */; };
		96FFEE8E199FCFFE00E83AA7 /* v5.jpg in Resources */ = {isa = PBXBuildFile; fileRef = 96FFEE72199FCFFE00E83AA7 /* v5.jpg */; };
		96FFEE8F199FCFFE00E83AA7 /* v5_0.jpg in Resources */ = {isa = PBXBuildFile; fileRef = 96FFEE73199FCFFE00E83AA7 /* v5_0.jpg */; };
		96FFEE90199FCFFE00E83AA7 /* v5_1.jpg in Resources */ = {isa = PBXBuildFile; fileRef = 96FFEE74199FCFFE00E83AA7 /* v5_1.jpg */; };
		96FFEE91199FCFFE00E83AA7 /* v5_2.jpg in Resources */ = {isa = PBXBuildFile; fileRef = 96FFEE75199FCFFE00E83AA7 /* v5_2.jpg */; };
		96FFEE92199FCFFE00E83AA7 /* v5_3.jpg in Resources */ = {isa = PBXBuildFile; fileRef = 96FFEE76199FCFFE00E83AA7 /* v5_3.jpg */; };
		96FFEE93199FCFFE00E83AA7 /* v5_4.jpg in Resources */ = {isa = PBXBuildFile; fileRef = 96FFEE77199FCFFE00E83AA7 /* v5_4.jpg */; };
		96FFEE94199FCFFE00E83AA7 /* v5_5.jpg in Resources */ = {isa = PBXBuildFile; fileRef = 96FFEE78199FCFFE00E83AA7 /* v5_5.jpg */; };
		96FFEE95199FCFFE00E83AA7 /* v5_6.jpg in Resources */ = {isa = PBXBuildFile; fileRef = 96FFEE79199FCFFE00E83AA7 /* v5_6.jpg */; };
		96FFEE96199FCFFE00E83AA7 /* vermeer.dae in Resources */ = {isa = PBXBuildFile; fileRef = 96FFEE7A199FCFFE00E83AA7 /* vermeer.dae */; };
		96FFEE97199FCFFE00E83AA7 /* violinist.dae in Resources */ = {isa = PBXBuildFile; fileRef = 96FFEE7B199FCFFE00E83AA7 /* violinist.dae */; };
		96FFEE99199FD08F00E83AA7 /* SCNNode.swift in Sources */ = {isa = PBXBuildFile; fileRef = 96FFEE98199FD08F00E83AA7 /* SCNNode.swift */; };
/* End PBXBuildFile section */

/* Begin PBXFileReference section */
		961651D3199F0EEB0088DC97 /* darkland-back.jpg */ = {isa = PBXFileReference; lastKnownFileType = image.jpeg; path = "darkland-back.jpg"; sourceTree = "<group>"; };
		961651D4199F0EEB0088DC97 /* darkland-bottom.jpg */ = {isa = PBXFileReference; lastKnownFileType = image.jpeg; path = "darkland-bottom.jpg"; sourceTree = "<group>"; };
		961651D5199F0EEB0088DC97 /* darkland-front.jpg */ = {isa = PBXFileReference; lastKnownFileType = image.jpeg; path = "darkland-front.jpg"; sourceTree = "<group>"; };
		961651D6199F0EEB0088DC97 /* darkland-left.jpg */ = {isa = PBXFileReference; lastKnownFileType = image.jpeg; path = "darkland-left.jpg"; sourceTree = "<group>"; };
		961651D7199F0EEB0088DC97 /* darkland-right.jpg */ = {isa = PBXFileReference; lastKnownFileType = image.jpeg; path = "darkland-right.jpg"; sourceTree = "<group>"; };
		961651D8199F0EEB0088DC97 /* darkland-top.jpg */ = {isa = PBXFileReference; lastKnownFileType = image.jpeg; path = "darkland-top.jpg"; sourceTree = "<group>"; };
		961651D9199F0EEB0088DC97 /* Envmap.txt */ = {isa = PBXFileReference; fileEncoding = 4; lastKnownFileType = text; path = Envmap.txt; sourceTree = "<group>"; };
		961651DB199F0EEB0088DC97 /* earth-diffuse.jpg */ = {isa = PBXFileReference; lastKnownFileType = image.jpeg; path = "earth-diffuse.jpg"; sourceTree = "<group>"; };
		961651DC199F0EEB0088DC97 /* noise-diffuse.png */ = {isa = PBXFileReference; lastKnownFileType = image.png; path = "noise-diffuse.png"; sourceTree = "<group>"; };
		961651DD199F0EEB0088DC97 /* scree-diffuse.jpg */ = {isa = PBXFileReference; lastKnownFileType = image.jpeg; path = "scree-diffuse.jpg"; sourceTree = "<group>"; };
		961651DE199F0EEB0088DC97 /* stone-diffuse.png */ = {isa = PBXFileReference; lastKnownFileType = image.png; path = "stone-diffuse.png"; sourceTree = "<group>"; };
		961651DF199F0EEB0088DC97 /* wood-diffuse.jpg */ = {isa = PBXFileReference; lastKnownFileType = image.jpeg; path = "wood-diffuse.jpg"; sourceTree = "<group>"; };
		961651E1199F0EEB0088DC97 /* stripes-mask.png */ = {isa = PBXFileReference; lastKnownFileType = image.png; path = "stripes-mask.png"; sourceTree = "<group>"; };
		961651E3199F0EEB0088DC97 /* chrome-normal.png */ = {isa = PBXFileReference; lastKnownFileType = image.png; path = "chrome-normal.png"; sourceTree = "<group>"; };
		961651E4199F0EEB0088DC97 /* earth-normal.png */ = {isa = PBXFileReference; lastKnownFileType = image.png; path = "earth-normal.png"; sourceTree = "<group>"; };
		961651E5199F0EEB0088DC97 /* noise-normal.png */ = {isa = PBXFileReference; lastKnownFileType = image.png; path = "noise-normal.png"; sourceTree = "<group>"; };
		961651E6199F0EEB0088DC97 /* scree-normal.jpg */ = {isa = PBXFileReference; lastKnownFileType = image.jpeg; path = "scree-normal.jpg"; sourceTree = "<group>"; };
		961651E7199F0EEB0088DC97 /* stone-normal.png */ = {isa = PBXFileReference; lastKnownFileType = image.png; path = "stone-normal.png"; sourceTree = "<group>"; };
		961651E8199F0EEB0088DC97 /* wood-normal.png */ = {isa = PBXFileReference; lastKnownFileType = image.png; path = "wood-normal.png"; sourceTree = "<group>"; };
		961651EA199F0EEB0088DC97 /* earth-specular.jpg */ = {isa = PBXFileReference; lastKnownFileType = image.jpeg; path = "earth-specular.jpg"; sourceTree = "<group>"; };
		961651EB199F0EEB0088DC97 /* wood-specular.jpg */ = {isa = PBXFileReference; lastKnownFileType = image.jpeg; path = "wood-specular.jpg"; sourceTree = "<group>"; };
		96165201199F13A30088DC97 /* floor-diffuse.jpg */ = {isa = PBXFileReference; lastKnownFileType = image.jpeg; path = "floor-diffuse.jpg"; sourceTree = "<group>"; };
		9619A39919A1B79B00442FA7 /* SCNGeometry.swift */ = {isa = PBXFileReference; fileEncoding = 4; lastKnownFileType = sourcecode.swift; path = SCNGeometry.swift; sourceTree = "<group>"; };
		963012B2199FD8E400D16B49 /* SCNBox.swift */ = {isa = PBXFileReference; fileEncoding = 4; lastKnownFileType = sourcecode.swift; path = SCNBox.swift; sourceTree = "<group>"; };
		963012B4199FDAD300D16B49 /* SCNMaterial.swift */ = {isa = PBXFileReference; fileEncoding = 4; lastKnownFileType = sourcecode.swift; path = SCNMaterial.swift; sourceTree = "<group>"; };
		963012B619A00F3900D16B49 /* MIDIPlayer.swift */ = {isa = PBXFileReference; fileEncoding = 4; lastKnownFileType = sourcecode.swift; path = MIDIPlayer.swift; sourceTree = "<group>"; };
		9644BB6C199EF16200F1EE50 /* MainViewController.swift */ = {isa = PBXFileReference; fileEncoding = 4; lastKnownFileType = sourcecode.swift; path = MainViewController.swift; sourceTree = "<group>"; };
		965EC21619A12E1500269336 /* SongInMyHead_LH.mid */ = {isa = PBXFileReference; lastKnownFileType = audio.midi; path = SongInMyHead_LH.mid; sourceTree = "<group>"; };
		965EC21719A12E1500269336 /* SongInMyHead_RH.mid */ = {isa = PBXFileReference; lastKnownFileType = audio.midi; path = SongInMyHead_RH.mid; sourceTree = "<group>"; };
		965EC21A19A13C2100269336 /* MIDI.swift */ = {isa = PBXFileReference; fileEncoding = 4; lastKnownFileType = sourcecode.swift; path = MIDI.swift; sourceTree = "<group>"; };
		969AA26B19A24472000741A1 /* CascadeDrums.mid */ = {isa = PBXFileReference; lastKnownFileType = audio.midi; path = CascadeDrums.mid; sourceTree = "<group>"; };
		969AA26D19A24C1F000741A1 /* NSView.swift */ = {isa = PBXFileReference; fileEncoding = 4; lastKnownFileType = sourcecode.swift; path = NSView.swift; sourceTree = "<group>"; };
		969AA27019A259D4000741A1 /* Cascade.wav */ = {isa = PBXFileReference; lastKnownFileType = audio.wav; path = Cascade.wav; sourceTree = "<group>"; };
		969AA27119A259D4000741A1 /* Cascade.wav.asd */ = {isa = PBXFileReference; lastKnownFileType = file; path = Cascade.wav.asd; sourceTree = "<group>"; };
		969AA27419A25E3C000741A1 /* NSColor.swift */ = {isa = PBXFileReference; fileEncoding = 4; lastKnownFileType = sourcecode.swift; path = NSColor.swift; sourceTree = "<group>"; };
		96A3B95B199EEED200AEF7B3 /* mtv.app */ = {isa = PBXFileReference; explicitFileType = wrapper.application; includeInIndex = 0; path = mtv.app; sourceTree = BUILT_PRODUCTS_DIR; };
		96A3B95F199EEED200AEF7B3 /* Info.plist */ = {isa = PBXFileReference; lastKnownFileType = text.plist.xml; path = Info.plist; sourceTree = "<group>"; };
		96A3B960199EEED200AEF7B3 /* main.swift */ = {isa = PBXFileReference; lastKnownFileType = sourcecode.swift; path = main.swift; sourceTree = "<group>"; };
		96A3B962199EEED200AEF7B3 /* AppDelegate.swift */ = {isa = PBXFileReference; lastKnownFileType = sourcecode.swift; path = AppDelegate.swift; sourceTree = "<group>"; };
		96A3B964199EEED300AEF7B3 /* Images.xcassets */ = {isa = PBXFileReference; lastKnownFileType = folder.assetcatalog; path = Images.xcassets; sourceTree = "<group>"; };
		96A3B967199EEED300AEF7B3 /* Base */ = {isa = PBXFileReference; lastKnownFileType = file.xib; name = Base; path = Base.lproj/MainMenu.xib; sourceTree = "<group>"; };
		96F08CDD19A1278300C1409A /* mtv-Bridging-Header.h */ = {isa = PBXFileReference; lastKnownFileType = sourcecode.c.h; path = "mtv-Bridging-Header.h"; sourceTree = "<group>"; };
		96F08CDE19A1278300C1409A /* MIDIPlayerCore.h */ = {isa = PBXFileReference; fileEncoding = 4; lastKnownFileType = sourcecode.c.h; path = MIDIPlayerCore.h; sourceTree = "<group>"; };
		96F08CDF19A1278300C1409A /* MIDIPlayerCore.m */ = {isa = PBXFileReference; fileEncoding = 4; lastKnownFileType = sourcecode.c.objc; path = MIDIPlayerCore.m; sourceTree = "<group>"; };
		96FFEE5F199FCFFE00E83AA7 /* __Water_Pool_1.jpg */ = {isa = PBXFileReference; lastKnownFileType = image.jpeg; path = __Water_Pool_1.jpg; sourceTree = "<group>"; };
		96FFEE60199FCFFE00E83AA7 /* material_1.psd */ = {isa = PBXFileReference; lastKnownFileType = file; path = material_1.psd; sourceTree = "<group>"; };
		96FFEE61199FCFFE00E83AA7 /* material_2.psd */ = {isa = PBXFileReference; lastKnownFileType = file; path = material_2.psd; sourceTree = "<group>"; };
		96FFEE62199FCFFE00E83AA7 /* material_3.psd */ = {isa = PBXFileReference; lastKnownFileType = file; path = material_3.psd; sourceTree = "<group>"; };
		96FFEE63199FCFFE00E83AA7 /* material_4.psd */ = {isa = PBXFileReference; lastKnownFileType = file; path = material_4.psd; sourceTree = "<group>"; };
		96FFEE64199FCFFE00E83AA7 /* material_6.psd */ = {isa = PBXFileReference; lastKnownFileType = file; path = material_6.psd; sourceTree = "<group>"; };
		96FFEE65199FCFFE00E83AA7 /* material_7.psd */ = {isa = PBXFileReference; lastKnownFileType = file; path = material_7.psd; sourceTree = "<group>"; };
		96FFEE66199FCFFE00E83AA7 /* material_8.psd */ = {isa = PBXFileReference; lastKnownFileType = file; path = material_8.psd; sourceTree = "<group>"; };
		96FFEE67199FCFFE00E83AA7 /* material_8_0.psd */ = {isa = PBXFileReference; lastKnownFileType = file; path = material_8_0.psd; sourceTree = "<group>"; };
		96FFEE68199FCFFE00E83AA7 /* material_9.psd */ = {isa = PBXFileReference; lastKnownFileType = file; path = material_9.psd; sourceTree = "<group>"; };
		96FFEE69199FCFFE00E83AA7 /* Metal_Rusted.jpg */ = {isa = PBXFileReference; lastKnownFileType = image.jpeg; path = Metal_Rusted.jpg; sourceTree = "<group>"; };
		96FFEE6A199FCFFE00E83AA7 /* Vegetation_Bark_Ponderosa.jpg */ = {isa = PBXFileReference; lastKnownFileType = image.jpeg; path = Vegetation_Bark_Ponderosa.jpg; sourceTree = "<group>"; };
		96FFEE6B199FCFFE00E83AA7 /* Water_Pool.jpg */ = {isa = PBXFileReference; lastKnownFileType = image.jpeg; path = Water_Pool.jpg; sourceTree = "<group>"; };
		96FFEE6C199FCFFE00E83AA7 /* woman_head_1.jpg */ = {isa = PBXFileReference; lastKnownFileType = image.jpeg; path = woman_head_1.jpg; sourceTree = "<group>"; };
		96FFEE6D199FCFFE00E83AA7 /* animalgirl.dae */ = {isa = PBXFileReference; fileEncoding = 4; lastKnownFileType = text.xml.dae; path = animalgirl.dae; sourceTree = "<group>"; };
		96FFEE6F199FCFFE00E83AA7 /* v1.jpg */ = {isa = PBXFileReference; lastKnownFileType = image.jpeg; path = v1.jpg; sourceTree = "<group>"; };
		96FFEE70199FCFFE00E83AA7 /* v2.jpg */ = {isa = PBXFileReference; lastKnownFileType = image.jpeg; path = v2.jpg; sourceTree = "<group>"; };
		96FFEE71199FCFFE00E83AA7 /* v3.jpg */ = {isa = PBXFileReference; lastKnownFileType = image.jpeg; path = v3.jpg; sourceTree = "<group>"; };
		96FFEE72199FCFFE00E83AA7 /* v5.jpg */ = {isa = PBXFileReference; lastKnownFileType = image.jpeg; path = v5.jpg; sourceTree = "<group>"; };
		96FFEE73199FCFFE00E83AA7 /* v5_0.jpg */ = {isa = PBXFileReference; lastKnownFileType = image.jpeg; path = v5_0.jpg; sourceTree = "<group>"; };
		96FFEE74199FCFFE00E83AA7 /* v5_1.jpg */ = {isa = PBXFileReference; lastKnownFileType = image.jpeg; path = v5_1.jpg; sourceTree = "<group>"; };
		96FFEE75199FCFFE00E83AA7 /* v5_2.jpg */ = {isa = PBXFileReference; lastKnownFileType = image.jpeg; path = v5_2.jpg; sourceTree = "<group>"; };
		96FFEE76199FCFFE00E83AA7 /* v5_3.jpg */ = {isa = PBXFileReference; lastKnownFileType = image.jpeg; path = v5_3.jpg; sourceTree = "<group>"; };
		96FFEE77199FCFFE00E83AA7 /* v5_4.jpg */ = {isa = PBXFileReference; lastKnownFileType = image.jpeg; path = v5_4.jpg; sourceTree = "<group>"; };
		96FFEE78199FCFFE00E83AA7 /* v5_5.jpg */ = {isa = PBXFileReference; lastKnownFileType = image.jpeg; path = v5_5.jpg; sourceTree = "<group>"; };
		96FFEE79199FCFFE00E83AA7 /* v5_6.jpg */ = {isa = PBXFileReference; lastKnownFileType = image.jpeg; path = v5_6.jpg; sourceTree = "<group>"; };
		96FFEE7A199FCFFE00E83AA7 /* vermeer.dae */ = {isa = PBXFileReference; fileEncoding = 4; lastKnownFileType = text.xml.dae; path = vermeer.dae; sourceTree = "<group>"; };
		96FFEE7B199FCFFE00E83AA7 /* violinist.dae */ = {isa = PBXFileReference; fileEncoding = 4; lastKnownFileType = text.xml.dae; path = violinist.dae; sourceTree = "<group>"; };
		96FFEE98199FD08F00E83AA7 /* SCNNode.swift */ = {isa = PBXFileReference; fileEncoding = 4; lastKnownFileType = sourcecode.swift; path = SCNNode.swift; sourceTree = "<group>"; };
/* End PBXFileReference section */

/* Begin PBXFrameworksBuildPhase section */
		96A3B958199EEED200AEF7B3 /* Frameworks */ = {
			isa = PBXFrameworksBuildPhase;
			buildActionMask = 2147483647;
			files = (
			);
			runOnlyForDeploymentPostprocessing = 0;
		};
/* End PBXFrameworksBuildPhase section */

/* Begin PBXGroup section */
		961651D0199F0EEB0088DC97 /* materials */ = {
			isa = PBXGroup;
			children = (
				961651D1199F0EEB0088DC97 /* cubemaps */,
				961651DA199F0EEB0088DC97 /* diffuse */,
				961651E0199F0EEB0088DC97 /* masks */,
				961651E2199F0EEB0088DC97 /* normals */,
				961651E9199F0EEB0088DC97 /* specular */,
			);
			path = materials;
			sourceTree = "<group>";
		};
		961651D1199F0EEB0088DC97 /* cubemaps */ = {
			isa = PBXGroup;
			children = (
				961651D2199F0EEB0088DC97 /* darkland */,
			);
			path = cubemaps;
			sourceTree = "<group>";
		};
		961651D2199F0EEB0088DC97 /* darkland */ = {
			isa = PBXGroup;
			children = (
				961651D3199F0EEB0088DC97 /* darkland-back.jpg */,
				961651D4199F0EEB0088DC97 /* darkland-bottom.jpg */,
				961651D5199F0EEB0088DC97 /* darkland-front.jpg */,
				961651D6199F0EEB0088DC97 /* darkland-left.jpg */,
				961651D7199F0EEB0088DC97 /* darkland-right.jpg */,
				961651D8199F0EEB0088DC97 /* darkland-top.jpg */,
				961651D9199F0EEB0088DC97 /* Envmap.txt */,
			);
			path = darkland;
			sourceTree = "<group>";
		};
		961651DA199F0EEB0088DC97 /* diffuse */ = {
			isa = PBXGroup;
			children = (
				96165201199F13A30088DC97 /* floor-diffuse.jpg */,
				961651DB199F0EEB0088DC97 /* earth-diffuse.jpg */,
				961651DC199F0EEB0088DC97 /* noise-diffuse.png */,
				961651DD199F0EEB0088DC97 /* scree-diffuse.jpg */,
				961651DE199F0EEB0088DC97 /* stone-diffuse.png */,
				961651DF199F0EEB0088DC97 /* wood-diffuse.jpg */,
			);
			path = diffuse;
			sourceTree = "<group>";
		};
		961651E0199F0EEB0088DC97 /* masks */ = {
			isa = PBXGroup;
			children = (
				961651E1199F0EEB0088DC97 /* stripes-mask.png */,
			);
			path = masks;
			sourceTree = "<group>";
		};
		961651E2199F0EEB0088DC97 /* normals */ = {
			isa = PBXGroup;
			children = (
				961651E3199F0EEB0088DC97 /* chrome-normal.png */,
				961651E4199F0EEB0088DC97 /* earth-normal.png */,
				961651E5199F0EEB0088DC97 /* noise-normal.png */,
				961651E6199F0EEB0088DC97 /* scree-normal.jpg */,
				961651E7199F0EEB0088DC97 /* stone-normal.png */,
				961651E8199F0EEB0088DC97 /* wood-normal.png */,
			);
			path = normals;
			sourceTree = "<group>";
		};
		961651E9199F0EEB0088DC97 /* specular */ = {
			isa = PBXGroup;
			children = (
				961651EA199F0EEB0088DC97 /* earth-specular.jpg */,
				961651EB199F0EEB0088DC97 /* wood-specular.jpg */,
			);
			path = specular;
			sourceTree = "<group>";
		};
		96165203199F19E80088DC97 /* models */ = {
			isa = PBXGroup;
			children = (
				96FFEE5E199FCFFE00E83AA7 /* animalgirl */,
				96FFEE6D199FCFFE00E83AA7 /* animalgirl.dae */,
				96FFEE6E199FCFFE00E83AA7 /* vermeer */,
				96FFEE7A199FCFFE00E83AA7 /* vermeer.dae */,
				96FFEE7B199FCFFE00E83AA7 /* violinist.dae */,
			);
			path = models;
			sourceTree = "<group>";
		};
		965EC21519A12E1500269336 /* MIDI */ = {
			isa = PBXGroup;
			children = (
				969AA26B19A24472000741A1 /* CascadeDrums.mid */,
				965EC21619A12E1500269336 /* SongInMyHead_LH.mid */,
				965EC21719A12E1500269336 /* SongInMyHead_RH.mid */,
			);
			path = MIDI;
			sourceTree = "<group>";
		};
		969AA26F19A259D4000741A1 /* audio */ = {
			isa = PBXGroup;
			children = (
				969AA27019A259D4000741A1 /* Cascade.wav */,
				969AA27119A259D4000741A1 /* Cascade.wav.asd */,
			);
			path = audio;
			sourceTree = "<group>";
		};
		96A3B952199EEED200AEF7B3 = {
			isa = PBXGroup;
			children = (
				96A3B95D199EEED200AEF7B3 /* mtv */,
				96A3B95C199EEED200AEF7B3 /* Products */,
			);
			sourceTree = "<group>";
		};
		96A3B95C199EEED200AEF7B3 /* Products */ = {
			isa = PBXGroup;
			children = (
				96A3B95B199EEED200AEF7B3 /* mtv.app */,
			);
			name = Products;
			sourceTree = "<group>";
		};
		96A3B95D199EEED200AEF7B3 /* mtv */ = {
			isa = PBXGroup;
			children = (
				969AA26F19A259D4000741A1 /* audio */,
				965EC21519A12E1500269336 /* MIDI */,
				96165203199F19E80088DC97 /* models */,
				961651D0199F0EEB0088DC97 /* materials */,
				96F08CDD19A1278300C1409A /* mtv-Bridging-Header.h */,
				96A3B962199EEED200AEF7B3 /* AppDelegate.swift */,
				96A3B964199EEED300AEF7B3 /* Images.xcassets */,
				96A3B966199EEED300AEF7B3 /* MainMenu.xib */,
				9644BB6C199EF16200F1EE50 /* MainViewController.swift */,
				965EC21A19A13C2100269336 /* MIDI.swift */,
				963012B619A00F3900D16B49 /* MIDIPlayer.swift */,
				96F08CDE19A1278300C1409A /* MIDIPlayerCore.h */,
				96F08CDF19A1278300C1409A /* MIDIPlayerCore.m */,
				969AA26D19A24C1F000741A1 /* NSView.swift */,
				969AA27419A25E3C000741A1 /* NSColor.swift */,
				96FFEE98199FD08F00E83AA7 /* SCNNode.swift */,
				9619A39919A1B79B00442FA7 /* SCNGeometry.swift */,
				963012B2199FD8E400D16B49 /* SCNBox.swift */,
				963012B4199FDAD300D16B49 /* SCNMaterial.swift */,
				96A3B95E199EEED200AEF7B3 /* Supporting Files */,
			);
			path = mtv;
			sourceTree = "<group>";
		};
		96A3B95E199EEED200AEF7B3 /* Supporting Files */ = {
			isa = PBXGroup;
			children = (
				96A3B95F199EEED200AEF7B3 /* Info.plist */,
				96A3B960199EEED200AEF7B3 /* main.swift */,
			);
			name = "Supporting Files";
			sourceTree = "<group>";
		};
		96FFEE5E199FCFFE00E83AA7 /* animalgirl */ = {
			isa = PBXGroup;
			children = (
				96FFEE5F199FCFFE00E83AA7 /* __Water_Pool_1.jpg */,
				96FFEE60199FCFFE00E83AA7 /* material_1.psd */,
				96FFEE61199FCFFE00E83AA7 /* material_2.psd */,
				96FFEE62199FCFFE00E83AA7 /* material_3.psd */,
				96FFEE63199FCFFE00E83AA7 /* material_4.psd */,
				96FFEE64199FCFFE00E83AA7 /* material_6.psd */,
				96FFEE65199FCFFE00E83AA7 /* material_7.psd */,
				96FFEE66199FCFFE00E83AA7 /* material_8.psd */,
				96FFEE67199FCFFE00E83AA7 /* material_8_0.psd */,
				96FFEE68199FCFFE00E83AA7 /* material_9.psd */,
				96FFEE69199FCFFE00E83AA7 /* Metal_Rusted.jpg */,
				96FFEE6A199FCFFE00E83AA7 /* Vegetation_Bark_Ponderosa.jpg */,
				96FFEE6B199FCFFE00E83AA7 /* Water_Pool.jpg */,
				96FFEE6C199FCFFE00E83AA7 /* woman_head_1.jpg */,
			);
			path = animalgirl;
			sourceTree = "<group>";
		};
		96FFEE6E199FCFFE00E83AA7 /* vermeer */ = {
			isa = PBXGroup;
			children = (
				96FFEE6F199FCFFE00E83AA7 /* v1.jpg */,
				96FFEE70199FCFFE00E83AA7 /* v2.jpg */,
				96FFEE71199FCFFE00E83AA7 /* v3.jpg */,
				96FFEE72199FCFFE00E83AA7 /* v5.jpg */,
				96FFEE73199FCFFE00E83AA7 /* v5_0.jpg */,
				96FFEE74199FCFFE00E83AA7 /* v5_1.jpg */,
				96FFEE75199FCFFE00E83AA7 /* v5_2.jpg */,
				96FFEE76199FCFFE00E83AA7 /* v5_3.jpg */,
				96FFEE77199FCFFE00E83AA7 /* v5_4.jpg */,
				96FFEE78199FCFFE00E83AA7 /* v5_5.jpg */,
				96FFEE79199FCFFE00E83AA7 /* v5_6.jpg */,
			);
			path = vermeer;
			sourceTree = "<group>";
		};
/* End PBXGroup section */

/* Begin PBXNativeTarget section */
		96A3B95A199EEED200AEF7B3 /* mtv */ = {
			isa = PBXNativeTarget;
			buildConfigurationList = 96A3B977199EEED300AEF7B3 /* Build configuration list for PBXNativeTarget "mtv" */;
			buildPhases = (
				96A3B957199EEED200AEF7B3 /* Sources */,
				96A3B958199EEED200AEF7B3 /* Frameworks */,
				96A3B959199EEED200AEF7B3 /* Resources */,
			);
			buildRules = (
			);
			dependencies = (
			);
			name = mtv;
			productName = VideoTemplate;
			productReference = 96A3B95B199EEED200AEF7B3 /* mtv.app */;
			productType = "com.apple.product-type.application";
		};
/* End PBXNativeTarget section */

/* Begin PBXProject section */
		96A3B953199EEED200AEF7B3 /* Project object */ = {
			isa = PBXProject;
			attributes = {
				LastUpgradeCheck = 0600;
				ORGANIZATIONNAME = bguo;
				TargetAttributes = {
					96A3B95A199EEED200AEF7B3 = {
						CreatedOnToolsVersion = 6.0;
					};
				};
			};
			buildConfigurationList = 96A3B956199EEED200AEF7B3 /* Build configuration list for PBXProject "mtv" */;
			compatibilityVersion = "Xcode 3.2";
			developmentRegion = English;
			hasScannedForEncodings = 0;
			knownRegions = (
				en,
				Base,
			);
			mainGroup = 96A3B952199EEED200AEF7B3;
			productRefGroup = 96A3B95C199EEED200AEF7B3 /* Products */;
			projectDirPath = "";
			projectRoot = "";
			targets = (
				96A3B95A199EEED200AEF7B3 /* mtv */,
			);
		};
/* End PBXProject section */

/* Begin PBXResourcesBuildPhase section */
		96A3B959199EEED200AEF7B3 /* Resources */ = {
			isa = PBXResourcesBuildPhase;
			buildActionMask = 2147483647;
			files = (
				96FFEE7E199FCFFE00E83AA7 /* material_2.psd in Resources */,
				96165200199F0EEB0088DC97 /* wood-specular.jpg in Resources */,
				961651F1199F0EEB0088DC97 /* darkland-top.jpg in Resources */,
				96FFEE8C199FCFFE00E83AA7 /* v2.jpg in Resources */,
				96A3B965199EEED300AEF7B3 /* Images.xcassets in Resources */,
				96FFEE8F199FCFFE00E83AA7 /* v5_0.jpg in Resources */,
				969AA26C19A24472000741A1 /* CascadeDrums.mid in Resources */,
				961651FA199F0EEB0088DC97 /* earth-normal.png in Resources */,
				969AA27319A259D4000741A1 /* Cascade.wav.asd in Resources */,
				96FFEE81199FCFFE00E83AA7 /* material_6.psd in Resources */,
				961651F0199F0EEB0088DC97 /* darkland-right.jpg in Resources */,
				96FFEE94199FCFFE00E83AA7 /* v5_5.jpg in Resources */,
				969AA27219A259D4000741A1 /* Cascade.wav in Resources */,
				96FFEE82199FCFFE00E83AA7 /* material_7.psd in Resources */,
				961651ED199F0EEB0088DC97 /* darkland-bottom.jpg in Resources */,
				96FFEE83199FCFFE00E83AA7 /* material_8.psd in Resources */,
				965EC21819A12E1500269336 /* SongInMyHead_LH.mid in Resources */,
				96FFEE84199FCFFE00E83AA7 /* material_8_0.psd in Resources */,
				96FFEE7D199FCFFE00E83AA7 /* material_1.psd in Resources */,
				96FFEE92199FCFFE00E83AA7 /* v5_3.jpg in Resources */,
				96FFEE7C199FCFFE00E83AA7 /* __Water_Pool_1.jpg in Resources */,
				961651EC199F0EEB0088DC97 /* darkland-back.jpg in Resources */,
				961651FE199F0EEB0088DC97 /* wood-normal.png in Resources */,
				96FFEE96199FCFFE00E83AA7 /* vermeer.dae in Resources */,
				961651FD199F0EEB0088DC97 /* stone-normal.png in Resources */,
				961651EF199F0EEB0088DC97 /* darkland-left.jpg in Resources */,
				96FFEE97199FCFFE00E83AA7 /* violinist.dae in Resources */,
				961651F6199F0EEB0088DC97 /* stone-diffuse.png in Resources */,
				961651FC199F0EEB0088DC97 /* scree-normal.jpg in Resources */,
				961651EE199F0EEB0088DC97 /* darkland-front.jpg in Resources */,
				96FFEE8B199FCFFE00E83AA7 /* v1.jpg in Resources */,
				96FFEE86199FCFFE00E83AA7 /* Metal_Rusted.jpg in Resources */,
				96165202199F13A30088DC97 /* floor-diffuse.jpg in Resources */,
				96FFEE91199FCFFE00E83AA7 /* v5_2.jpg in Resources */,
				96FFEE88199FCFFE00E83AA7 /* Water_Pool.jpg in Resources */,
				961651F9199F0EEB0088DC97 /* chrome-normal.png in Resources */,
				96FFEE87199FCFFE00E83AA7 /* Vegetation_Bark_Ponderosa.jpg in Resources */,
				965EC21919A12E1500269336 /* SongInMyHead_RH.mid in Resources */,
				96FFEE95199FCFFE00E83AA7 /* v5_6.jpg in Resources */,
				961651FF199F0EEB0088DC97 /* earth-specular.jpg in Resources */,
				96FFEE8D199FCFFE00E83AA7 /* v3.jpg in Resources */,
				961651F3199F0EEB0088DC97 /* earth-diffuse.jpg in Resources */,
				96FFEE90199FCFFE00E83AA7 /* v5_1.jpg in Resources */,
				96FFEE80199FCFFE00E83AA7 /* material_4.psd in Resources */,
				96FFEE7F199FCFFE00E83AA7 /* material_3.psd in Resources */,
				961651F7199F0EEB0088DC97 /* wood-diffuse.jpg in Resources */,
				96FFEE93199FCFFE00E83AA7 /* v5_4.jpg in Resources */,
				961651F4199F0EEB0088DC97 /* noise-diffuse.png in Resources */,
				96FFEE8E199FCFFE00E83AA7 /* v5.jpg in Resources */,
				96FFEE8A199FCFFE00E83AA7 /* animalgirl.dae in Resources */,
				96FFEE85199FCFFE00E83AA7 /* material_9.psd in Resources */,
				961651F5199F0EEB0088DC97 /* scree-diffuse.jpg in Resources */,
				961651F8199F0EEB0088DC97 /* stripes-mask.png in Resources */,
				96FFEE89199FCFFE00E83AA7 /* woman_head_1.jpg in Resources */,
				961651FB199F0EEB0088DC97 /* noise-normal.png in Resources */,
				96A3B968199EEED300AEF7B3 /* MainMenu.xib in Resources */,
				961651F2199F0EEB0088DC97 /* Envmap.txt in Resources */,
			);
			runOnlyForDeploymentPostprocessing = 0;
		};
/* End PBXResourcesBuildPhase section */

/* Begin PBXSourcesBuildPhase section */
		96A3B957199EEED200AEF7B3 /* Sources */ = {
			isa = PBXSourcesBuildPhase;
			buildActionMask = 2147483647;
			files = (
				963012B719A00F3900D16B49 /* MIDIPlayer.swift in Sources */,
				96FFEE99199FD08F00E83AA7 /* SCNNode.swift in Sources */,
				9619A39A19A1B79B00442FA7 /* SCNGeometry.swift in Sources */,
				965EC21B19A13C2100269336 /* MIDI.swift in Sources */,
				969AA27519A25E3C000741A1 /* NSColor.swift in Sources */,
				9644BB6E199EF16200F1EE50 /* MainViewController.swift in Sources */,
				963012B3199FD8E400D16B49 /* SCNBox.swift in Sources */,
				96F08CE019A1278300C1409A /* MIDIPlayerCore.m in Sources */,
				963012B5199FDAD300D16B49 /* SCNMaterial.swift in Sources */,
				96A3B963199EEED200AEF7B3 /* AppDelegate.swift in Sources */,
				969AA26E19A24C1F000741A1 /* NSView.swift in Sources */,
				96A3B961199EEED200AEF7B3 /* main.swift in Sources */,
			);
			runOnlyForDeploymentPostprocessing = 0;
		};
/* End PBXSourcesBuildPhase section */

/* Begin PBXVariantGroup section */
		96A3B966199EEED300AEF7B3 /* MainMenu.xib */ = {
			isa = PBXVariantGroup;
			children = (
				96A3B967199EEED300AEF7B3 /* Base */,
			);
			name = MainMenu.xib;
			sourceTree = "<group>";
		};
/* End PBXVariantGroup section */

/* Begin XCBuildConfiguration section */
		96A3B975199EEED300AEF7B3 /* Debug */ = {
			isa = XCBuildConfiguration;
			buildSettings = {
				ALWAYS_SEARCH_USER_PATHS = NO;
				CLANG_CXX_LANGUAGE_STANDARD = "gnu++0x";
				CLANG_CXX_LIBRARY = "libc++";
				CLANG_ENABLE_MODULES = YES;
				CLANG_ENABLE_OBJC_ARC = YES;
				CLANG_WARN_BOOL_CONVERSION = YES;
				CLANG_WARN_CONSTANT_CONVERSION = YES;
				CLANG_WARN_DIRECT_OBJC_ISA_USAGE = YES_ERROR;
				CLANG_WARN_EMPTY_BODY = YES;
				CLANG_WARN_ENUM_CONVERSION = YES;
				CLANG_WARN_INT_CONVERSION = YES;
				CLANG_WARN_OBJC_ROOT_CLASS = YES_ERROR;
				CLANG_WARN_UNREACHABLE_CODE = YES;
				CLANG_WARN__DUPLICATE_METHOD_MATCH = YES;
				CODE_SIGN_IDENTITY = "-";
				COPY_PHASE_STRIP = NO;
				ENABLE_STRICT_OBJC_MSGSEND = YES;
				GCC_C_LANGUAGE_STANDARD = gnu99;
				GCC_DYNAMIC_NO_PIC = NO;
				GCC_OPTIMIZATION_LEVEL = 0;
				GCC_PREPROCESSOR_DEFINITIONS = (
					"DEBUG=1",
					"$(inherited)",
				);
				GCC_SYMBOLS_PRIVATE_EXTERN = NO;
				GCC_WARN_64_TO_32_BIT_CONVERSION = YES;
				GCC_WARN_ABOUT_RETURN_TYPE = YES_ERROR;
				GCC_WARN_UNDECLARED_SELECTOR = YES;
				GCC_WARN_UNINITIALIZED_AUTOS = YES_AGGRESSIVE;
				GCC_WARN_UNUSED_FUNCTION = YES;
				GCC_WARN_UNUSED_VARIABLE = YES;
				MACOSX_DEPLOYMENT_TARGET = 10.9;
				MTL_ENABLE_DEBUG_INFO = YES;
				ONLY_ACTIVE_ARCH = YES;
				SDKROOT = macosx;
				SWIFT_OPTIMIZATION_LEVEL = "-Onone";
			};
			name = Debug;
		};
		96A3B976199EEED300AEF7B3 /* Release */ = {
			isa = XCBuildConfiguration;
			buildSettings = {
				ALWAYS_SEARCH_USER_PATHS = NO;
				CLANG_CXX_LANGUAGE_STANDARD = "gnu++0x";
				CLANG_CXX_LIBRARY = "libc++";
				CLANG_ENABLE_MODULES = YES;
				CLANG_ENABLE_OBJC_ARC = YES;
				CLANG_WARN_BOOL_CONVERSION = YES;
				CLANG_WARN_CONSTANT_CONVERSION = YES;
				CLANG_WARN_DIRECT_OBJC_ISA_USAGE = YES_ERROR;
				CLANG_WARN_EMPTY_BODY = YES;
				CLANG_WARN_ENUM_CONVERSION = YES;
				CLANG_WARN_INT_CONVERSION = YES;
				CLANG_WARN_OBJC_ROOT_CLASS = YES_ERROR;
				CLANG_WARN_UNREACHABLE_CODE = YES;
				CLANG_WARN__DUPLICATE_METHOD_MATCH = YES;
				CODE_SIGN_IDENTITY = "-";
				COPY_PHASE_STRIP = YES;
				DEBUG_INFORMATION_FORMAT = "dwarf-with-dsym";
				ENABLE_NS_ASSERTIONS = NO;
				ENABLE_STRICT_OBJC_MSGSEND = YES;
				GCC_C_LANGUAGE_STANDARD = gnu99;
				GCC_WARN_64_TO_32_BIT_CONVERSION = YES;
				GCC_WARN_ABOUT_RETURN_TYPE = YES_ERROR;
				GCC_WARN_UNDECLARED_SELECTOR = YES;
				GCC_WARN_UNINITIALIZED_AUTOS = YES_AGGRESSIVE;
				GCC_WARN_UNUSED_FUNCTION = YES;
				GCC_WARN_UNUSED_VARIABLE = YES;
				MACOSX_DEPLOYMENT_TARGET = 10.9;
				MTL_ENABLE_DEBUG_INFO = NO;
				SDKROOT = macosx;
			};
			name = Release;
		};
		96A3B978199EEED300AEF7B3 /* Debug */ = {
			isa = XCBuildConfiguration;
			buildSettings = {
				ASSETCATALOG_COMPILER_APPICON_NAME = AppIcon;
				CLANG_ENABLE_MODULES = YES;
				COMBINE_HIDPI_IMAGES = YES;
				INFOPLIST_FILE = mtv/Info.plist;
				LD_RUNPATH_SEARCH_PATHS = "$(inherited) @executable_path/../Frameworks";
				PRODUCT_NAME = mtv;
				SDKROOT = macosx10.10;
				SWIFT_OBJC_BRIDGING_HEADER = "mtv/mtv-Bridging-Header.h";
				SWIFT_OPTIMIZATION_LEVEL = "-Onone";
			};
			name = Debug;
		};
		96A3B979199EEED300AEF7B3 /* Release */ = {
			isa = XCBuildConfiguration;
			buildSettings = {
				ASSETCATALOG_COMPILER_APPICON_NAME = AppIcon;
				CLANG_ENABLE_MODULES = YES;
				COMBINE_HIDPI_IMAGES = YES;
				INFOPLIST_FILE = mtv/Info.plist;
				LD_RUNPATH_SEARCH_PATHS = "$(inherited) @executable_path/../Frameworks";
				PRODUCT_NAME = mtv;
				SDKROOT = macosx10.10;
				SWIFT_OBJC_BRIDGING_HEADER = "mtv/mtv-Bridging-Header.h";
			};
			name = Release;
		};
/* End XCBuildConfiguration section */

/* Begin XCConfigurationList section */
		96A3B956199EEED200AEF7B3 /* Build configuration list for PBXProject "mtv" */ = {
			isa = XCConfigurationList;
			buildConfigurations = (
				96A3B975199EEED300AEF7B3 /* Debug */,
				96A3B976199EEED300AEF7B3 /* Release */,
			);
			defaultConfigurationIsVisible = 0;
			defaultConfigurationName = Release;
		};
		96A3B977199EEED300AEF7B3 /* Build configuration list for PBXNativeTarget "mtv" */ = {
			isa = XCConfigurationList;
			buildConfigurations = (
				96A3B978199EEED300AEF7B3 /* Debug */,
				96A3B979199EEED300AEF7B3 /* Release */,
			);
			defaultConfigurationIsVisible = 0;
			defaultConfigurationName = Release;
		};
/* End XCConfigurationList section */
	};
	rootObject = 96A3B953199EEED200AEF7B3 /* Project object */;
}
